{
    "name": "shaky-service",
    "version": "1.0.0",
    "lockfileVersion": 1,
    "requires": true,
    "dependencies": {
        "@types/node": {
            "version": "10.12.0",
            "resolved": "https://registry.npmjs.org/@types/node/-/node-10.12.0.tgz",
            "integrity": "sha512-3TUHC3jsBAB7qVRGxT6lWyYo2v96BMmD2PTcl47H25Lu7UXtFH/2qqmKiVrnel6Ne//0TFYf6uvNX+HW2FRkLQ==",
            "dev": true
        },
        "argparse": {
            "version": "0.1.16",
            "resolved": "https://registry.npmjs.org/argparse/-/argparse-0.1.16.tgz",
            "integrity": "sha1-z9AeD7uj1srtBJ+9dY1A9lGW9Xw=",
            "requires": {
                "underscore": "1.7.0",
                "underscore.string": "2.4.0"
            },
            "dependencies": {
                "underscore": {
                    "version": "1.7.0",
                    "resolved": "https://registry.npmjs.org/underscore/-/underscore-1.7.0.tgz",
                    "integrity": "sha1-a7rwh3UA02vjTsqlhODbn+8DUgk="
                }
            }
        },
        "assertion-error": {
            "version": "1.1.0",
            "resolved": "https://registry.npmjs.org/assertion-error/-/assertion-error-1.1.0.tgz",
            "integrity": "sha512-jgsaNduz+ndvGyFt3uSuWqvy4lCnIJiovtouQN5JZHOKCS2QuhEdbcQHFhVksz2N2U9hXJo8odG7ETyWlEeuDw==",
            "dev": true
        },
        "asynckit": {
            "version": "0.4.0",
            "resolved": "https://registry.npmjs.org/asynckit/-/asynckit-0.4.0.tgz",
            "integrity": "sha1-x57Zf380y48robyXkLzDZkdLS3k="
        },
        "aws-sdk": {
            "version": "2.340.0",
            "resolved": "https://registry.npmjs.org/aws-sdk/-/aws-sdk-2.340.0.tgz",
            "integrity": "sha512-KtHYBIcJCfjP1cym2ECgCoK+CPK1lLQ1CMYkZgIX3gIPG3ks8H2EyPyyWSl9rh1hrJSKbweb+6jjUr0eLHFPCA==",
            "requires": {
                "buffer": "4.9.1",
                "events": "1.1.1",
                "ieee754": "1.1.8",
                "jmespath": "0.15.0",
                "querystring": "0.2.0",
                "sax": "1.2.1",
                "url": "0.10.3",
                "uuid": "3.1.0",
                "xml2js": "0.4.19"
            }
        },
        "aws4": {
            "version": "1.8.0",
            "resolved": "https://registry.npmjs.org/aws4/-/aws4-1.8.0.tgz",
            "integrity": "sha512-ReZxvNHIOv88FlT7rxcXIIC0fPt4KZqZbOlivyWtXLt8ESx84zd3kMC6iK5jVeS2qt+g7ftS7ye4fi06X5rtRQ=="
        },
        "awscred": {
            "version": "1.4.1",
            "resolved": "https://registry.npmjs.org/awscred/-/awscred-1.4.1.tgz",
            "integrity": "sha512-s88FlBqt3lfqli39RuhsDrdAfT25RqfaKm2X1PuBWQFR5BBzeQ6Ri+QO9vc4NaBFtJmtfYW9q8/VrZxLTfhwiw=="
        },
        "balanced-match": {
            "version": "1.0.0",
            "resolved": "https://registry.npmjs.org/balanced-match/-/balanced-match-1.0.0.tgz",
            "integrity": "sha1-ibTRmasr7kneFk6gK4nORi1xt2c=",
            "dev": true
        },
        "base64-js": {
            "version": "1.3.0",
            "resolved": "https://registry.npmjs.org/base64-js/-/base64-js-1.3.0.tgz",
            "integrity": "sha512-ccav/yGvoa80BQDljCxsmmQ3Xvx60/UpBIij5QN21W3wBi/hhIC9OoO+KLpu9IJTS9j4DRVJ3aDDF9cMSoa2lw=="
        },
        "bluebird": {
            "version": "3.5.2",
            "resolved": "https://registry.npmjs.org/bluebird/-/bluebird-3.5.2.tgz",
            "integrity": "sha512-dhHTWMI7kMx5whMQntl7Vr9C6BvV10lFXDAasnqnrMYhXVCzzk6IO9Fo2L75jXHT07WrOngL1WDXOp+yYS91Yg=="
        },
        "boolbase": {
            "version": "1.0.0",
            "resolved": "https://registry.npmjs.org/boolbase/-/boolbase-1.0.0.tgz",
            "integrity": "sha1-aN/1++YMUes3cl6p4+0xDcwed24=",
            "dev": true
        },
        "brace-expansion": {
            "version": "1.1.11",
            "resolved": "https://registry.npmjs.org/brace-expansion/-/brace-expansion-1.1.11.tgz",
            "integrity": "sha512-iCuPHDFgrHX7H2vEI/5xpz07zSHB00TpugqhmYtVmMO6518mCuRMoOYFldEBl0g187ufozdaHgWKcYFb61qGiA==",
            "dev": true,
            "requires": {
                "balanced-match": "1.0.0",
                "concat-map": "0.0.1"
            }
        },
        "browser-stdout": {
            "version": "1.3.1",
            "resolved": "https://registry.npmjs.org/browser-stdout/-/browser-stdout-1.3.1.tgz",
            "integrity": "sha512-qhAVI1+Av2X7qelOfAIYwXONood6XlZE/fXaBSmW/T5SzLAmCgzi+eiWE7fUvbHaeNBQH13UftjpXxsfLkMpgw==",
            "dev": true
        },
        "buffer": {
            "version": "4.9.1",
            "resolved": "http://registry.npmjs.org/buffer/-/buffer-4.9.1.tgz",
            "integrity": "sha1-bRu2AbB6TvztlwlBMgkwJ8lbwpg=",
            "requires": {
                "base64-js": "1.3.0",
                "ieee754": "1.1.8",
                "isarray": "1.0.0"
            }
        },
        "chai": {
            "version": "4.2.0",
            "resolved": "https://registry.npmjs.org/chai/-/chai-4.2.0.tgz",
            "integrity": "sha512-XQU3bhBukrOsQCuwZndwGcCVQHyZi53fQ6Ys1Fym7E4olpIqqZZhhoFJoaKVvV17lWQoXYwgWN2nF5crA8J2jw==",
            "dev": true,
            "requires": {
                "assertion-error": "1.1.0",
                "check-error": "1.0.2",
                "deep-eql": "3.0.1",
                "get-func-name": "2.0.0",
                "pathval": "1.1.0",
                "type-detect": "4.0.8"
            }
        },
        "chance": {
            "version": "1.0.16",
            "resolved": "https://registry.npmjs.org/chance/-/chance-1.0.16.tgz",
            "integrity": "sha512-2bgDHH5bVfAXH05SPtjqrsASzZ7h90yCuYT2z4mkYpxxYvJXiIydBFzVieVHZx7wLH1Ag2Azaaej2/zA1XUrNQ=="
        },
        "chancejs": {
            "version": "0.0.8",
            "resolved": "https://registry.npmjs.org/chancejs/-/chancejs-0.0.8.tgz",
            "integrity": "sha1-Y5KxyIdpPkiz5qYQ77DEFx/xS6A=",
            "requires": {
                "mixinsjs": "0.1.1",
                "neat": "0.0.74"
            }
        },
        "check-error": {
            "version": "1.0.2",
            "resolved": "https://registry.npmjs.org/check-error/-/check-error-1.0.2.tgz",
            "integrity": "sha1-V00xLt2Iu13YkS6Sht1sCu1KrII=",
            "dev": true
        },
        "cheerio": {
            "version": "1.0.0-rc.2",
            "resolved": "https://registry.npmjs.org/cheerio/-/cheerio-1.0.0-rc.2.tgz",
            "integrity": "sha1-S59TqBsn5NXawxwP/Qz6A8xoMNs=",
            "dev": true,
            "requires": {
                "css-select": "1.2.0",
                "dom-serializer": "0.1.0",
                "entities": "1.1.2",
                "htmlparser2": "3.10.0",
                "lodash": "4.17.11",
                "parse5": "3.0.3"
            }
        },
        "co": {
            "version": "4.6.0",
            "resolved": "https://registry.npmjs.org/co/-/co-4.6.0.tgz",
            "integrity": "sha1-bqa989hTrlTMuOR7+gvz+QMfsYQ="
        },
        "coffee-script": {
            "version": "1.4.0",
            "resolved": "https://registry.npmjs.org/coffee-script/-/coffee-script-1.4.0.tgz",
            "integrity": "sha1-XjvIqsJsAajie/EHcixWVfWtfTY="
        },
        "coffeelint": {
            "version": "0.2.0",
            "resolved": "https://registry.npmjs.org/coffeelint/-/coffeelint-0.2.0.tgz",
            "integrity": "sha1-7vfV8JCaLu4T/pOlDRWJnKm+X8c=",
            "requires": {
                "coffee-script": "1.4.0",
                "optimist": "0.6.1"
            }
        },
        "colors": {
            "version": "0.6.0-1",
            "resolved": "https://registry.npmjs.org/colors/-/colors-0.6.0-1.tgz",
            "integrity": "sha1-bbtozri8YPKzE9zFzhWZ8G0Z5no="
        },
        "combined-stream": {
            "version": "1.0.7",
            "resolved": "https://registry.npmjs.org/combined-stream/-/combined-stream-1.0.7.tgz",
            "integrity": "sha512-brWl9y6vOB1xYPZcpZde3N9zDByXTosAeMDo4p1wzo6UMOX4vumB+TP1RZ76sfE6Md68Q0NJSrE/gbezd4Ul+w==",
            "requires": {
                "delayed-stream": "1.0.0"
            }
        },
        "commander": {
            "version": "2.15.1",
            "resolved": "http://registry.npmjs.org/commander/-/commander-2.15.1.tgz",
            "integrity": "sha512-VlfT9F3V0v+jr4yxPc5gg9s62/fIVWsd2Bk2iD435um1NlGMYdVCq+MjcXnhYq2icNOizHr1kK+5TI6H0Hy0ag==",
            "dev": true
        },
        "component-emitter": {
            "version": "1.2.1",
            "resolved": "https://registry.npmjs.org/component-emitter/-/component-emitter-1.2.1.tgz",
            "integrity": "sha1-E3kY1teCg/ffemt8WmPhQOaUJeY="
        },
        "concat-map": {
            "version": "0.0.1",
            "resolved": "https://registry.npmjs.org/concat-map/-/concat-map-0.0.1.tgz",
            "integrity": "sha1-2Klr13/Wjfd5OnMDajug1UBdR3s=",
            "dev": true
        },
        "cookiejar": {
            "version": "2.1.2",
            "resolved": "https://registry.npmjs.org/cookiejar/-/cookiejar-2.1.2.tgz",
            "integrity": "sha512-Mw+adcfzPxcPeI+0WlvRrr/3lGVO0bD75SxX6811cxSh1Wbxx7xZBGK1eVtDf6si8rg2lhnUjsVLMFMfbRIuwA=="
        },
        "css-select": {
            "version": "1.2.0",
            "resolved": "http://registry.npmjs.org/css-select/-/css-select-1.2.0.tgz",
            "integrity": "sha1-KzoRBTnFNV8c2NMUYj6HCxIeyFg=",
            "dev": true,
            "requires": {
                "boolbase": "1.0.0",
                "css-what": "2.1.2",
                "domutils": "1.5.1",
                "nth-check": "1.0.2"
            }
        },
        "css-what": {
            "version": "2.1.2",
            "resolved": "https://registry.npmjs.org/css-what/-/css-what-2.1.2.tgz",
            "integrity": "sha512-wan8dMWQ0GUeF7DGEPVjhHemVW/vy6xUYmFzRY8RYqgA0JtXC9rJmbScBjqSu6dg9q0lwPQy6ZAmJVr3PPTvqQ==",
            "dev": true
        },
        "cssom": {
            "version": "0.2.5",
            "resolved": "https://registry.npmjs.org/cssom/-/cssom-0.2.5.tgz",
            "integrity": "sha1-JoJwm1kC5yEt9SkRb/eIzVslSJQ="
        },
        "debug": {
            "version": "4.1.0",
            "resolved": "https://registry.npmjs.org/debug/-/debug-4.1.0.tgz",
            "integrity": "sha512-heNPJUJIqC+xB6ayLAMHaIrmN9HKa7aQO8MGqKpvCA+uJYVcvR6l5kgdrhRuwPFHU7P5/A1w0BjByPHwpfTDKg==",
            "requires": {
                "ms": "2.1.1"
            }
        },
        "deep-eql": {
            "version": "3.0.1",
            "resolved": "https://registry.npmjs.org/deep-eql/-/deep-eql-3.0.1.tgz",
            "integrity": "sha512-+QeIQyN5ZuO+3Uk5DYh6/1eKO0m0YmJFGNmFHGACpf1ClL1nmlV/p4gNgbl2pJGxgXb4faqo6UE+M5ACEMyVcw==",
            "dev": true,
            "requires": {
                "type-detect": "4.0.8"
            }
        },
        "delayed-stream": {
            "version": "1.0.0",
            "resolved": "https://registry.npmjs.org/delayed-stream/-/delayed-stream-1.0.0.tgz",
            "integrity": "sha1-3zrhmayt+31ECqrgsp4icrJOxhk="
        },
        "diff": {
            "version": "3.5.0",
            "resolved": "https://registry.npmjs.org/diff/-/diff-3.5.0.tgz",
            "integrity": "sha512-A46qtFgd+g7pDZinpnwiRJtxbC1hpgf0uzP3iG89scHk0AUC7A1TGxf5OiiOUv/JMZR8GOt8hL900hV0bOy5xA==",
            "dev": true
        },
        "docco": {
            "version": "git://github.com/abe33/docco.git#199cbc8addca9500287938182e986958f4126f36"
        },
        "dom-serializer": {
            "version": "0.1.0",
            "resolved": "https://registry.npmjs.org/dom-serializer/-/dom-serializer-0.1.0.tgz",
            "integrity": "sha1-BzxpdUbOB4DOI75KKOKT5AvDDII=",
            "dev": true,
            "requires": {
                "domelementtype": "1.1.3",
                "entities": "1.1.2"
            },
            "dependencies": {
                "domelementtype": {
                    "version": "1.1.3",
                    "resolved": "http://registry.npmjs.org/domelementtype/-/domelementtype-1.1.3.tgz",
                    "integrity": "sha1-vSh3PiZCiBrsUVRJJCmcXNgiGFs=",
                    "dev": true
                }
            }
        },
        "domelementtype": {
            "version": "1.2.1",
            "resolved": "https://registry.npmjs.org/domelementtype/-/domelementtype-1.2.1.tgz",
            "integrity": "sha512-SQVCLFS2E7G5CRCMdn6K9bIhRj1bS6QBWZfF0TUPh4V/BbqrQ619IdSS3/izn0FZ+9l+uODzaZjb08fjOfablA==",
            "dev": true
        },
        "domhandler": {
            "version": "2.4.2",
            "resolved": "https://registry.npmjs.org/domhandler/-/domhandler-2.4.2.tgz",
            "integrity": "sha512-JiK04h0Ht5u/80fdLMCEmV4zkNh2BcoMFBmZ/91WtYZ8qVXSKjiw7fXMgFPnHcSZgOo3XdinHvmnDUeMf5R4wA==",
            "dev": true,
            "requires": {
                "domelementtype": "1.2.1"
            }
        },
        "domutils": {
            "version": "1.5.1",
            "resolved": "https://registry.npmjs.org/domutils/-/domutils-1.5.1.tgz",
            "integrity": "sha1-3NhIiib1Y9YQeeSMn3t+Mjc2gs8=",
            "dev": true,
            "requires": {
                "dom-serializer": "0.1.0",
                "domelementtype": "1.2.1"
            }
        },
        "entities": {
            "version": "1.1.2",
            "resolved": "https://registry.npmjs.org/entities/-/entities-1.1.2.tgz",
            "integrity": "sha512-f2LZMYl1Fzu7YSBKg+RoROelpOaNrcGmE9AZubeDfrCEia483oW4MI4VyFd5VNHIgQ/7qm1I0wUHK1eJnn2y2w==",
            "dev": true
        },
        "escape-string-regexp": {
            "version": "1.0.5",
            "resolved": "https://registry.npmjs.org/escape-string-regexp/-/escape-string-regexp-1.0.5.tgz",
            "integrity": "sha1-G2HAViGQqN/2rjuyzwIAyhMLhtQ=",
            "dev": true
        },
        "events": {
            "version": "1.1.1",
            "resolved": "http://registry.npmjs.org/events/-/events-1.1.1.tgz",
            "integrity": "sha1-nr23Y1rQmccNzEwqH1AEKI6L2SQ="
        },
        "findit": {
            "version": "2.0.0",
            "resolved": "https://registry.npmjs.org/findit/-/findit-2.0.0.tgz",
            "integrity": "sha1-ZQnwEmr0wXhVHPqZOU4DLhOk1W4="
        },
        "form-data": {
            "version": "2.3.3",
            "resolved": "https://registry.npmjs.org/form-data/-/form-data-2.3.3.tgz",
            "integrity": "sha512-1lLKB2Mu3aGP1Q/2eCOx0fNbRMe7XdwktwOruhfqqd0rIJWwN4Dh+E3hrPSlDCXnSR7UtZ1N38rVXm+6+MEhJQ==",
            "requires": {
                "asynckit": "0.4.0",
                "combined-stream": "1.0.7",
                "mime-types": "2.1.21"
            }
        },
        "formidable": {
            "version": "1.2.1",
            "resolved": "https://registry.npmjs.org/formidable/-/formidable-1.2.1.tgz",
            "integrity": "sha512-Fs9VRguL0gqGHkXS5GQiMCr1VhZBxz0JnJs4JmMp/2jL18Fmbzvv7vOFRU+U8TBkHEE/CX1qDXzJplVULgsLeg=="
        },
        "fs.realpath": {
            "version": "1.0.0",
            "resolved": "https://registry.npmjs.org/fs.realpath/-/fs.realpath-1.0.0.tgz",
            "integrity": "sha1-FQStJSMVjKpA20onh8sBQRmU6k8=",
            "dev": true
        },
        "get-func-name": {
            "version": "2.0.0",
            "resolved": "https://registry.npmjs.org/get-func-name/-/get-func-name-2.0.0.tgz",
            "integrity": "sha1-6td0q+5y4gQJQzoGY2YCPdaIekE=",
            "dev": true
        },
        "glob": {
            "version": "7.1.2",
            "resolved": "https://registry.npmjs.org/glob/-/glob-7.1.2.tgz",
            "integrity": "sha512-MJTUg1kjuLeQCJ+ccE4Vpa6kKVXkPYJ2mOCQyUuKLcLQsdrMCpBPUi8qVE6+YuaJkozeA9NusTAw3hLr8Xe5EQ==",
            "dev": true,
            "requires": {
                "fs.realpath": "1.0.0",
                "inflight": "1.0.6",
                "inherits": "2.0.3",
                "minimatch": "3.0.4",
                "once": "1.4.0",
                "path-is-absolute": "1.0.1"
            }
        },
        "graceful-fs": {
            "version": "1.1.14",
            "resolved": "https://registry.npmjs.org/graceful-fs/-/graceful-fs-1.1.14.tgz",
            "integrity": "sha1-BweNtfY3f2Mh/Oqu30l94STclGU="
        },
        "growl": {
            "version": "1.10.5",
            "resolved": "https://registry.npmjs.org/growl/-/growl-1.10.5.tgz",
            "integrity": "sha512-qBr4OuELkhPenW6goKVXiv47US3clb3/IbuWF9KNKEijAy9oeHxU9IgzjvJhHkUzhaj7rOUD7+YGWqUjLp5oSA==",
            "dev": true
        },
        "haml-coffee": {
            "version": "1.6.2",
            "resolved": "https://registry.npmjs.org/haml-coffee/-/haml-coffee-1.6.2.tgz",
            "integrity": "sha1-GnupBmBIXH/R63+W3vMYiXaXX8w=",
            "requires": {
                "coffee-script": "1.4.0",
                "findit": "2.0.0",
                "optimist": "0.6.1"
            }
        },
        "has-flag": {
            "version": "3.0.0",
            "resolved": "https://registry.npmjs.org/has-flag/-/has-flag-3.0.0.tgz",
            "integrity": "sha1-tdRU3CGZriJWmfNGfloH87lVuv0=",
            "dev": true
        },
        "he": {
            "version": "1.1.1",
            "resolved": "https://registry.npmjs.org/he/-/he-1.1.1.tgz",
            "integrity": "sha1-k0EP0hsAlzUVH4howvJx80J+I/0=",
            "dev": true
        },
        "highlight.js": {
            "version": "git://github.com/abe33/highlight.js.git#8abb167e3d4aa687c04dde55658658ef2e8f48af"
        },
        "htmlparser2": {
            "version": "3.10.0",
            "resolved": "https://registry.npmjs.org/htmlparser2/-/htmlparser2-3.10.0.tgz",
            "integrity": "sha512-J1nEUGv+MkXS0weHNWVKJJ+UrLfePxRWpN3C9bEi9fLxL2+ggW94DQvgYVXsaT30PGwYRIZKNZXuyMhp3Di4bQ==",
            "dev": true,
            "requires": {
                "domelementtype": "1.3.0",
                "domhandler": "2.4.2",
                "domutils": "1.5.1",
                "entities": "1.1.2",
                "inherits": "2.0.3",
                "readable-stream": "3.0.6"
            },
            "dependencies": {
                "domelementtype": {
                    "version": "1.3.0",
                    "resolved": "http://registry.npmjs.org/domelementtype/-/domelementtype-1.3.0.tgz",
                    "integrity": "sha1-sXrtguirWeUt2cGbF1bg/BhyBMI=",
                    "dev": true
                }
            }
        },
        "ieee754": {
            "version": "1.1.8",
            "resolved": "https://registry.npmjs.org/ieee754/-/ieee754-1.1.8.tgz",
            "integrity": "sha1-vjPUCsEO8ZJnAfbwii2G+/0a0+Q="
        },
        "inflight": {
            "version": "1.0.6",
            "resolved": "https://registry.npmjs.org/inflight/-/inflight-1.0.6.tgz",
            "integrity": "sha1-Sb1jMdfQLQwJvJEKEHW6gWW1bfk=",
            "dev": true,
            "requires": {
                "once": "1.4.0",
                "wrappy": "1.0.2"
            }
        },
        "inherits": {
            "version": "2.0.3",
            "resolved": "https://registry.npmjs.org/inherits/-/inherits-2.0.3.tgz",
            "integrity": "sha1-Yzwsg+PaQqUC9SRmAiSA9CCCYd4="
        },
        "isarray": {
            "version": "1.0.0",
            "resolved": "https://registry.npmjs.org/isarray/-/isarray-1.0.0.tgz",
            "integrity": "sha1-u5NdSFgsuhaMBoNJV6VKPgcSTxE="
        },
        "jasmine-node": {
            "version": "git://github.com/abe33/jasmine-node.git#fc6862f1025983625aa514e32f457bb501411dc2",
            "requires": {
                "coffee-script": "1.4.0",
                "jasmine-reporters": "2.3.2",
                "requirejs": "2.3.6",
                "underscore": "1.9.1",
                "walkdir": "0.0.12"
            }
        },
        "jasmine-reporters": {
            "version": "2.3.2",
            "resolved": "https://registry.npmjs.org/jasmine-reporters/-/jasmine-reporters-2.3.2.tgz",
            "integrity": "sha512-u/7AT9SkuZsUfFBLLzbErohTGNsEUCKaQbsVYnLFW1gEuL2DzmBL4n8v90uZsqIqlWvWUgian8J6yOt5Fyk/+A==",
            "requires": {
                "mkdirp": "0.5.1",
                "xmldom": "0.1.27"
            }
        },
        "jmespath": {
            "version": "0.15.0",
            "resolved": "https://registry.npmjs.org/jmespath/-/jmespath-0.15.0.tgz",
            "integrity": "sha1-o/Iiqarp+Wb10nx5ZRDigJF2Qhc="
        },
        "js-yaml": {
            "version": "1.0.2",
            "resolved": "https://registry.npmjs.org/js-yaml/-/js-yaml-1.0.2.tgz",
            "integrity": "sha1-7j9c698bYtch5XNICHnRLpGcgNA=",
            "dev": true,
            "requires": {
                "argparse": "0.1.16"
            }
        },
        "keypress": {
            "version": "0.1.0",
            "resolved": "https://registry.npmjs.org/keypress/-/keypress-0.1.0.tgz",
            "integrity": "sha1-SjGI1CkbZrT2XtuZ+AaqmuKTWSo="
        },
        "lodash": {
            "version": "4.17.11",
            "resolved": "https://registry.npmjs.org/lodash/-/lodash-4.17.11.tgz",
            "integrity": "sha512-cQKh8igo5QUhZ7lg38DYWAxMvjSAKG0A8wGSVimP07SIUEK2UO+arSRKbRZWtelMtN5V0Hkwh5ryOto/SshYIg=="
        },
        "lru-cache": {
            "version": "2.7.3",
            "resolved": "https://registry.npmjs.org/lru-cache/-/lru-cache-2.7.3.tgz",
            "integrity": "sha1-bUUk6LlV+V1PW1iFHOId1y+06VI="
        },
        "methods": {
            "version": "1.1.2",
            "resolved": "https://registry.npmjs.org/methods/-/methods-1.1.2.tgz",
            "integrity": "sha1-VSmk1nZUE07cxSZmVoNbD4Ua/O4="
        },
        "mime": {
            "version": "2.3.1",
            "resolved": "https://registry.npmjs.org/mime/-/mime-2.3.1.tgz",
            "integrity": "sha512-OEUllcVoydBHGN1z84yfQDimn58pZNNNXgZlHXSboxMlFvgI6MXSWpWKpFRra7H1HxpVhHTkrghfRW49k6yjeg=="
        },
        "mime-db": {
            "version": "1.37.0",
            "resolved": "https://registry.npmjs.org/mime-db/-/mime-db-1.37.0.tgz",
            "integrity": "sha512-R3C4db6bgQhlIhPU48fUtdVmKnflq+hRdad7IyKhtFj06VPNVdk2RhiYL3UjQIlso8L+YxAtFkobT0VK+S/ybg=="
        },
        "mime-types": {
            "version": "2.1.21",
            "resolved": "https://registry.npmjs.org/mime-types/-/mime-types-2.1.21.tgz",
            "integrity": "sha512-3iL6DbwpyLzjR3xHSFNFeb9Nz/M8WDkX33t1GFQnFOllWk8pOrh/LSrB5OXlnlW5P9LH73X6loW/eogc+F5lJg==",
            "requires": {
                "mime-db": "1.37.0"
            }
        },
        "minimatch": {
            "version": "3.0.4",
            "resolved": "https://registry.npmjs.org/minimatch/-/minimatch-3.0.4.tgz",
            "integrity": "sha512-yJHVQEhyqPLUTgt9B83PXu6W3rx4MvvHvSUvToogpwoGDOUQ+yDrR0HRot+yOCdCO7u4hX3pWft6kWBBcqh0UA==",
            "dev": true,
            "requires": {
                "brace-expansion": "1.1.11"
            }
        },
        "minimist": {
            "version": "0.0.8",
            "resolved": "http://registry.npmjs.org/minimist/-/minimist-0.0.8.tgz",
            "integrity": "sha1-hX/Kv8M5fSYluCKCYuhqp6ARsF0="
        },
        "mixinsjs": {
            "version": "0.1.1",
            "resolved": "https://registry.npmjs.org/mixinsjs/-/mixinsjs-0.1.1.tgz",
            "integrity": "sha1-s3trq3eSE6Pe3WnpeRd+mfi9cdY=",
            "requires": {
                "neat": "0.0.74"
            }
        },
        "mkdirp": {
            "version": "0.5.1",
            "resolved": "http://registry.npmjs.org/mkdirp/-/mkdirp-0.5.1.tgz",
            "integrity": "sha1-MAV0OOrGz3+MR2fzhkjWaX11yQM=",
            "requires": {
                "minimist": "0.0.8"
            }
        },
        "mocha": {
            "version": "5.2.0",
            "resolved": "https://registry.npmjs.org/mocha/-/mocha-5.2.0.tgz",
            "integrity": "sha512-2IUgKDhc3J7Uug+FxMXuqIyYzH7gJjXECKe/w43IGgQHTSj3InJi+yAA7T24L9bQMRKiUEHxEX37G5JpVUGLcQ==",
            "dev": true,
            "requires": {
                "browser-stdout": "1.3.1",
                "commander": "2.15.1",
                "debug": "3.1.0",
                "diff": "3.5.0",
                "escape-string-regexp": "1.0.5",
                "glob": "7.1.2",
                "growl": "1.10.5",
                "he": "1.1.1",
                "minimatch": "3.0.4",
                "mkdirp": "0.5.1",
                "supports-color": "5.4.0"
            },
            "dependencies": {
                "debug": {
                    "version": "3.1.0",
                    "resolved": "https://registry.npmjs.org/debug/-/debug-3.1.0.tgz",
                    "integrity": "sha512-OX8XqP7/1a9cqkxYw2yXss15f26NKWBpDXQd0/uK/KPqdQhxbPa994hnzjcE2VqQpDslf55723cKPUOGSmMY3g==",
                    "dev": true,
                    "requires": {
                        "ms": "2.0.0"
                    }
                },
                "ms": {
                    "version": "2.0.0",
                    "resolved": "https://registry.npmjs.org/ms/-/ms-2.0.0.tgz",
                    "integrity": "sha1-VgiurfwAvmwpAd9fmGF4jeDVl8g=",
                    "dev": true
                }
            }
        },
        "ms": {
            "version": "2.1.1",
            "resolved": "https://registry.npmjs.org/ms/-/ms-2.1.1.tgz",
            "integrity": "sha512-tgp+dl5cGk28utYktBsrFqA7HKgrhgPsg6Z/EfhWI4gl1Hwq8B/GmY/0oXZ6nF8hDVesS/FpnYaD/kOWhYQvyg=="
        },
        "mustache": {
            "version": "3.0.0",
            "resolved": "https://registry.npmjs.org/mustache/-/mustache-3.0.0.tgz",
            "integrity": "sha512-bhBDkK/PioIbtQzRIbGUGypvc3MC4c389QnJt8KDIEJ666OidRPoXAQAHPivikfS3JkMEaWoPvcDL7YrQxtSwg=="
        },
        "neat": {
            "version": "0.0.74",
            "resolved": "https://registry.npmjs.org/neat/-/neat-0.0.74.tgz",
            "integrity": "sha1-aUXmNLteY+s+i/ADZ1ENoEU9Zb0=",
            "requires": {
                "coffee-script": "1.4.0",
                "coffeelint": "0.2.0",
                "colors": "0.6.0-1",
                "commander": "1.0.5",
                "docco": "git://github.com/abe33/docco.git#199cbc8addca9500287938182e986958f4126f36",
                "glob": "3.1.14",
                "haml-coffee": "1.6.2",
                "highlight.js": "git://github.com/abe33/highlight.js.git#8abb167e3d4aa687c04dde55658658ef2e8f48af",
                "jasmine-node": "git://github.com/abe33/jasmine-node.git#fc6862f1025983625aa514e32f457bb501411dc2",
                "js-yaml": "1.0.2",
                "mustache": "0.7.0",
                "stylus": "0.30.1",
                "uglify-js": "1.3.4"
            },
            "dependencies": {
                "commander": {
                    "version": "1.0.5",
                    "resolved": "http://registry.npmjs.org/commander/-/commander-1.0.5.tgz",
                    "integrity": "sha1-RXKVu5duOI6d0NtS3kMz4knz2Iw=",
                    "requires": {
                        "keypress": "0.1.0"
                    }
                },
                "glob": {
                    "version": "3.1.14",
                    "resolved": "https://registry.npmjs.org/glob/-/glob-3.1.14.tgz",
                    "integrity": "sha1-+XpzHEHaZpXcg5RLuyF36aKbNj0=",
                    "requires": {
                        "graceful-fs": "1.1.14",
                        "inherits": "1.0.2",
                        "minimatch": "0.2.14"
                    }
                },
                "inherits": {
                    "version": "1.0.2",
                    "resolved": "https://registry.npmjs.org/inherits/-/inherits-1.0.2.tgz",
                    "integrity": "sha1-ykMJ2t7mtUzAuNJH6NfHoJdb3Js="
                },
                "minimatch": {
                    "version": "0.2.14",
                    "resolved": "https://registry.npmjs.org/minimatch/-/minimatch-0.2.14.tgz",
                    "integrity": "sha1-x054BXT2PG+aCQ6Q775u9TpqdWo=",
                    "requires": {
                        "lru-cache": "2.7.3",
                        "sigmund": "1.0.1"
                    }
                },
                "mustache": {
                    "version": "0.7.0",
                    "resolved": "http://registry.npmjs.org/mustache/-/mustache-0.7.0.tgz",
                    "integrity": "sha1-/KdQ+z695jd/d0mMcc+f0jpQLuk="
                }
            }
        },
        "nth-check": {
            "version": "1.0.2",
            "resolved": "https://registry.npmjs.org/nth-check/-/nth-check-1.0.2.tgz",
            "integrity": "sha512-WeBOdju8SnzPN5vTUJYxYUxLeXpCaVP5i5e0LF8fg7WORF2Wd7wFX/pk0tYZk7s8T+J7VLy0Da6J1+wCT0AtHg==",
            "dev": true,
            "requires": {
                "boolbase": "1.0.0"
            }
        },
        "once": {
            "version": "1.4.0",
            "resolved": "https://registry.npmjs.org/once/-/once-1.4.0.tgz",
            "integrity": "sha1-WDsap3WWHUsROsF9nFC6753Xa9E=",
            "dev": true,
            "requires": {
                "wrappy": "1.0.2"
            }
        },
        "optimist": {
            "version": "0.6.1",
            "resolved": "https://registry.npmjs.org/optimist/-/optimist-0.6.1.tgz",
            "integrity": "sha1-2j6nRob6IaGaERwybpDrFaAZZoY=",
            "requires": {
                "minimist": "0.0.8",
                "wordwrap": "0.0.3"
            }
        },
        "parse5": {
            "version": "3.0.3",
            "resolved": "https://registry.npmjs.org/parse5/-/parse5-3.0.3.tgz",
            "integrity": "sha512-rgO9Zg5LLLkfJF9E6CCmXlSE4UVceloys8JrFqCcHloC3usd/kJCyPDwH2SOlzix2j3xaP9sUX3e8+kvkuleAA==",
            "dev": true,
            "requires": {
                "@types/node": "10.12.0"
            }
        },
        "path-is-absolute": {
            "version": "1.0.1",
            "resolved": "https://registry.npmjs.org/path-is-absolute/-/path-is-absolute-1.0.1.tgz",
            "integrity": "sha1-F0uSaHNVNP+8es5r9TpanhtcX18=",
            "dev": true
        },
        "pathval": {
            "version": "1.1.0",
            "resolved": "https://registry.npmjs.org/pathval/-/pathval-1.1.0.tgz",
            "integrity": "sha1-uULm1L3mUwBe9rcTYd74cn0GReA=",
            "dev": true
        },
        "punycode": {
            "version": "1.3.2",
            "resolved": "https://registry.npmjs.org/punycode/-/punycode-1.3.2.tgz",
            "integrity": "sha1-llOgNvt8HuQjQvIyXM7v6jkmxI0="
        },
        "qs": {
            "version": "6.5.2",
            "resolved": "https://registry.npmjs.org/qs/-/qs-6.5.2.tgz",
            "integrity": "sha512-N5ZAX4/LxJmF+7wN74pUD6qAh9/wnvdQcjq9TZjevvXzSUo7bfmw91saqMjzGS2xq91/odN2dW/WOl7qQHNDGA=="
        },
        "querystring": {
            "version": "0.2.0",
            "resolved": "https://registry.npmjs.org/querystring/-/querystring-0.2.0.tgz",
            "integrity": "sha1-sgmEkgO7Jd+CDadW50cAWHhSFiA="
        },
        "readable-stream": {
            "version": "3.0.6",
            "resolved": "https://registry.npmjs.org/readable-stream/-/readable-stream-3.0.6.tgz",
            "integrity": "sha512-9E1oLoOWfhSXHGv6QlwXJim7uNzd9EVlWK+21tCU9Ju/kR0/p2AZYPz4qSchgO8PlLIH4FpZYfzwS+rEksZjIg==",
            "requires": {
                "inherits": "2.0.3",
                "string_decoder": "1.1.1",
                "util-deprecate": "1.0.2"
            }
        },
        "requirejs": {
            "version": "2.3.6",
            "resolved": "https://registry.npmjs.org/requirejs/-/requirejs-2.3.6.tgz",
            "integrity": "sha512-ipEzlWQe6RK3jkzikgCupiTbTvm4S0/CAU5GlgptkN5SO6F3u0UD0K18wy6ErDqiCyP4J4YYe1HuAShvsxePLg=="
        },
        "safe-buffer": {
            "version": "5.1.2",
            "resolved": "https://registry.npmjs.org/safe-buffer/-/safe-buffer-5.1.2.tgz",
            "integrity": "sha512-Gd2UZBJDkXlY7GbJxfsE8/nvKkUEU1G38c1siN6QP6a9PT9MmHB8GnpscSmMJSoF8LOIrt8ud/wPtojys4G6+g=="
        },
        "sax": {
            "version": "1.2.1",
            "resolved": "http://registry.npmjs.org/sax/-/sax-1.2.1.tgz",
            "integrity": "sha1-e45lYZCyKOgaZq6nSEgNgozS03o="
        },
        "serverless-pseudo-parameters": {
            "version": "2.2.0",
            "resolved": "https://registry.npmjs.org/serverless-pseudo-parameters/-/serverless-pseudo-parameters-2.2.0.tgz",
            "integrity": "sha512-eGgKkpOwnqnrmTZH87xnK+cVs9sz5d7fQnIR1K+BE1AobMd24oz4jswCkmhavYI6QF8Z3XL1Fekx+dfDn7ki+w=="
        },
        "sigmund": {
            "version": "1.0.1",
            "resolved": "https://registry.npmjs.org/sigmund/-/sigmund-1.0.1.tgz",
            "integrity": "sha1-P/IfGYytIXX587eBhT/ZTQ0ZtZA="
        },
        "string_decoder": {
            "version": "1.1.1",
            "resolved": "https://registry.npmjs.org/string_decoder/-/string_decoder-1.1.1.tgz",
            "integrity": "sha512-n/ShnvDi6FHbbVfviro+WojiFzv+s8MPMHBczVePfUpDJLwoLT0ht1l4YwBCbi8pJAveEEdnkHyPyTP/mzRfwg==",
            "requires": {
                "safe-buffer": "5.1.2"
            }
        },
        "stylus": {
            "version": "0.30.1",
            "resolved": "https://registry.npmjs.org/stylus/-/stylus-0.30.1.tgz",
            "integrity": "sha1-j85Ps5QPRVbh3KHEPOi+KHbIAyU=",
            "requires": {
                "cssom": "0.2.5",
                "debug": "4.1.0",
                "mkdirp": "0.3.5"
            },
            "dependencies": {
                "mkdirp": {
                    "version": "0.3.5",
                    "resolved": "http://registry.npmjs.org/mkdirp/-/mkdirp-0.3.5.tgz",
                    "integrity": "sha1-3j5fiWHIjHh+4TaN+EmsRBPsqNc="
                }
            }
        },
        "superagent": {
            "version": "4.0.0-beta.5",
            "resolved": "https://registry.npmjs.org/superagent/-/superagent-4.0.0-beta.5.tgz",
            "integrity": "sha512-v4FTm6kg6zJOfLcot9kCTcWy/wjD/hvtUXWcv0Pd8TlUqxKDctif2rtDPRb4gW6Df9MMXU1BHB+1z5U2VFVsYg==",
            "requires": {
                "component-emitter": "1.2.1",
                "cookiejar": "2.1.2",
                "debug": "4.1.0",
                "form-data": "2.3.3",
                "formidable": "1.2.1",
                "methods": "1.1.2",
                "mime": "2.3.1",
                "qs": "6.5.2",
                "readable-stream": "3.0.6"
            }
        },
        "superagent-promise": {
            "version": "1.1.0",
            "resolved": "https://registry.npmjs.org/superagent-promise/-/superagent-promise-1.1.0.tgz",
            "integrity": "sha1-uvIti73UOamwfdEPjAj1T+JQNTM="
        },
        "supports-color": {
            "version": "5.4.0",
            "resolved": "https://registry.npmjs.org/supports-color/-/supports-color-5.4.0.tgz",
            "integrity": "sha512-zjaXglF5nnWpsq470jSv6P9DwPvgLkuapYmfDm3JWOm0vkNTVF2tI4UrN2r6jH1qM/uc/WtxYY1hYoA2dOKj5w==",
            "dev": true,
            "requires": {
                "has-flag": "3.0.0"
            }
        },
        "type-detect": {
            "version": "4.0.8",
            "resolved": "https://registry.npmjs.org/type-detect/-/type-detect-4.0.8.tgz",
            "integrity": "sha512-0fr/mIH1dlO+x7TlcMy+bIDqKPsw/70tVyeHW787goQjhmqaZe10uwLujubK9q9Lg6Fiho1KUKDYz0Z7k7g5/g==",
            "dev": true
        },
        "uglify-js": {
            "version": "1.3.4",
            "resolved": "http://registry.npmjs.org/uglify-js/-/uglify-js-1.3.4.tgz",
            "integrity": "sha1-KCzsQNtWh5jg7G1x0MmJ0yPwY2s=",
            "dev": true
        },
        "underscore": {
            "version": "1.9.1",
            "resolved": "https://registry.npmjs.org/underscore/-/underscore-1.9.1.tgz",
            "integrity": "sha512-5/4etnCkd9c8gwgowi5/om/mYO5ajCaOgdzj/oW+0eQV9WxKBDZw5+ycmKmeaTXjInS/W0BzpGLo2xR2aBwZdg=="
        },
        "underscore.string": {
            "version": "2.4.0",
            "resolved": "http://registry.npmjs.org/underscore.string/-/underscore.string-2.4.0.tgz",
            "integrity": "sha1-jN2PusTi0uoefi6Al8QvRCKA+Fs="
        },
        "url": {
            "version": "0.10.3",
            "resolved": "https://registry.npmjs.org/url/-/url-0.10.3.tgz",
            "integrity": "sha1-Ah5NnHcF8hu/N9A861h2dAJ3TGQ=",
            "requires": {
                "punycode": "1.3.2",
                "querystring": "0.2.0"
            }
        },
        "util-deprecate": {
            "version": "1.0.2",
            "resolved": "https://registry.npmjs.org/util-deprecate/-/util-deprecate-1.0.2.tgz",
            "integrity": "sha1-RQ1Nyfpw3nMnYvvS1KKJgUGaDM8="
        },
        "uuid": {
            "version": "3.1.0",
            "resolved": "https://registry.npmjs.org/uuid/-/uuid-3.1.0.tgz",
            "integrity": "sha512-DIWtzUkw04M4k3bf1IcpS2tngXEL26YUD2M0tMDUpnUrz2hgzUBlD55a4FjdLGPvfHxS6uluGWvaVEqgBcVa+g=="
        },
        "walkdir": {
            "version": "0.0.12",
            "resolved": "https://registry.npmjs.org/walkdir/-/walkdir-0.0.12.tgz",
            "integrity": "sha512-HFhaD4mMWPzFSqhpyDG48KDdrjfn409YQuVW7ckZYhW4sE87mYtWifdB/+73RA7+p4s4K18n5Jfx1kHthE1gBw=="
        },
        "wordwrap": {
            "version": "0.0.3",
            "resolved": "https://registry.npmjs.org/wordwrap/-/wordwrap-0.0.3.tgz",
            "integrity": "sha1-o9XabNXAvAAI03I0u68b7WMFkQc="
        },
        "wrappy": {
            "version": "1.0.2",
            "resolved": "https://registry.npmjs.org/wrappy/-/wrappy-1.0.2.tgz",
            "integrity": "sha1-tSQ9jz7BqjXxNkYFvA0QNuMKtp8=",
            "dev": true
        },
        "xml2js": {
            "version": "0.4.19",
            "resolved": "https://registry.npmjs.org/xml2js/-/xml2js-0.4.19.tgz",
            "integrity": "sha512-esZnJZJOiJR9wWKMyuvSE1y6Dq5LCuJanqhxslH2bxM6duahNZ+HMpCLhBQGZkbX6xRf8x1Y2eJlgt2q3qo49Q==",
            "requires": {
                "sax": "1.2.1",
                "xmlbuilder": "9.0.7"
            }
        },
        "xmlbuilder": {
            "version": "9.0.7",
            "resolved": "http://registry.npmjs.org/xmlbuilder/-/xmlbuilder-9.0.7.tgz",
            "integrity": "sha1-Ey7mPS7FVlxVfiD0wi35rKaGsQ0="
        },
        "xmldom": {
            "version": "0.1.27",
            "resolved": "https://registry.npmjs.org/xmldom/-/xmldom-0.1.27.tgz",
            "integrity": "sha1-1QH5ezvbQDr4757MIFcxh6rawOk="
        }
    }
}
